
Microsoft Visual Studio Solution File, Format Version 12.00
# Visual Studio 2012
Project("{1B19158F-E398-40A6-8E3B-350508E125F1}") = "PerformanceCalculator", "PerformanceCalculator\PerformanceCalculator.dxjsproj", "{9FE6B6C8-2213-4DE6-BB4B-AD998DF09040}"
EndProject
Global
	GlobalSection(SolutionConfigurationPlatforms) = preSolution
		Debug|Any CPU = Debug|Any CPU
		Release|Any CPU = Release|Any CPU
	EndGlobalSection
	GlobalSection(ProjectConfigurationPlatforms) = postSolution
		{9FE6B6C8-2213-4DE6-BB4B-AD998DF09040}.Debug|Any CPU.ActiveCfg = Debug|Any CPU
		{9FE6B6C8-2213-4DE6-BB4B-AD998DF09040}.Debug|Any CPU.Build.0 = Debug|Any CPU
		{9FE6B6C8-2213-4DE6-BB4B-AD998DF09040}.Release|Any CPU.ActiveCfg = Release|Any CPU
		{9FE6B6C8-2213-4DE6-BB4B-AD998DF09040}.Release|Any CPU.Build.0 = Release|Any CPU
	EndGlobalSection
	GlobalSection(SolutionProperties) = preSolution
		HideSolutionNode = FALSE
	EndGlobalSection
EndGlobal
